// !$*UTF8*$!
{
	archiveVersion = 1;
	classes = {
	};
	objectVersion = 46;
	objects = {

/* Begin PBXBuildFile section */
		031A01571EB97D2800FD711D /* background_2.png in Resources */ = {isa = PBXBuildFile; fileRef = 031A01561EB97D2800FD711D /* background_2.png */; };
		036E576E1F42A7F4004DF8D1 /* ADAS_DVR2-03-blue-logo.png in Resources */ = {isa = PBXBuildFile; fileRef = 036E576C1F42A7F4004DF8D1 /* ADAS_DVR2-03-blue-logo.png */; };
		036E576F1F42A7F4004DF8D1 /* ADAS_DVR2-04-blue.png in Resources */ = {isa = PBXBuildFile; fileRef = 036E576D1F42A7F4004DF8D1 /* ADAS_DVR2-04-blue.png */; };
		03937A2B1F382ED6005A640D /* VideoToolbox.framework in Frameworks */ = {isa = PBXBuildFile; fileRef = 03937A2A1F382ED6005A640D /* VideoToolbox.framework */; };
		03937A2D1F382EE1005A640D /* UIKit.framework in Frameworks */ = {isa = PBXBuildFile; fileRef = 03937A2C1F382EE1005A640D /* UIKit.framework */; };
		03937A2F1F382EEF005A640D /* QuartzCore.framework in Frameworks */ = {isa = PBXBuildFile; fileRef = 03937A2E1F382EEF005A640D /* QuartzCore.framework */; };
		03937A311F382EFF005A640D /* OpenGLES.framework in Frameworks */ = {isa = PBXBuildFile; fileRef = 03937A301F382EFF005A640D /* OpenGLES.framework */; };
		03937A331F382F1B005A640D /* MobileCoreServices.framework in Frameworks */ = {isa = PBXBuildFile; fileRef = 03937A321F382F1B005A640D /* MobileCoreServices.framework */; };
		03937A351F382F33005A640D /* MediaPlayer.framework in Frameworks */ = {isa = PBXBuildFile; fileRef = 03937A341F382F33005A640D /* MediaPlayer.framework */; };
		03937A361F382F4E005A640D /* IJKMediaFramework.framework in Frameworks */ = {isa = PBXBuildFile; fileRef = 03937A211F382E1D005A640D /* IJKMediaFramework.framework */; };
		03937A381F382F65005A640D /* libz.tbd in Frameworks */ = {isa = PBXBuildFile; fileRef = 03937A371F382F65005A640D /* libz.tbd */; };
		03937A3A1F382F74005A640D /* libbz2.tbd in Frameworks */ = {isa = PBXBuildFile; fileRef = 03937A391F382F74005A640D /* libbz2.tbd */; };
		03937A3C1F382F88005A640D /* CoreVideo.framework in Frameworks */ = {isa = PBXBuildFile; fileRef = 03937A3B1F382F88005A640D /* CoreVideo.framework */; };
		03937A3E1F382F99005A640D /* CoreMedia.framework in Frameworks */ = {isa = PBXBuildFile; fileRef = 03937A3D1F382F99005A640D /* CoreMedia.framework */; };
		03937A401F382FA8005A640D /* CoreGraphics.framework in Frameworks */ = {isa = PBXBuildFile; fileRef = 03937A3F1F382FA8005A640D /* CoreGraphics.framework */; };
		03937A421F382FB5005A640D /* AVFoundation.framework in Frameworks */ = {isa = PBXBuildFile; fileRef = 03937A411F382FB5005A640D /* AVFoundation.framework */; };
		03937A441F382FCA005A640D /* AudioToolbox.framework in Frameworks */ = {isa = PBXBuildFile; fileRef = 03937A431F382FCA005A640D /* AudioToolbox.framework */; };
		03937A461F382FE1005A640D /* libstdc++.tbd in Frameworks */ = {isa = PBXBuildFile; fileRef = 03937A451F382FE1005A640D /* libstdc++.tbd */; };
		8B441C671B8C16FA0011D1E7 /* SOS.jpg in Resources */ = {isa = PBXBuildFile; fileRef = 8B441C661B8C16FA0011D1E7 /* SOS.jpg */; };
		8B7E8ECC1C0B73D300B546B8 /* AssetsLibrary.framework in Frameworks */ = {isa = PBXBuildFile; fileRef = 8B7E8ECB1C0B73D300B546B8 /* AssetsLibrary.framework */; };
		8B82887F1B8AC4B30037F7ED /* ImageMenuItemCellView.m in Sources */ = {isa = PBXBuildFile; fileRef = 8B82887E1B8AC4B30037F7ED /* ImageMenuItemCellView.m */; };
		8B82888A1B8AC9230037F7ED /* about.png in Resources */ = {isa = PBXBuildFile; fileRef = 8B8288811B8AC9230037F7ED /* about.png */; };
		8B82888B1B8AC9230037F7ED /* about@2x.png in Resources */ = {isa = PBXBuildFile; fileRef = 8B8288821B8AC9230037F7ED /* about@2x.png */; };
		8B82888C1B8AC9230037F7ED /* about@3x.png in Resources */ = {isa = PBXBuildFile; fileRef = 8B8288831B8AC9230037F7ED /* about@3x.png */; };
		8B82888D1B8AC9230037F7ED /* file.png in Resources */ = {isa = PBXBuildFile; fileRef = 8B8288841B8AC9230037F7ED /* file.png */; };
		8B82888E1B8AC9230037F7ED /* file@2x.png in Resources */ = {isa = PBXBuildFile; fileRef = 8B8288851B8AC9230037F7ED /* file@2x.png */; };
		8B82888F1B8AC9230037F7ED /* file@3x.png in Resources */ = {isa = PBXBuildFile; fileRef = 8B8288861B8AC9230037F7ED /* file@3x.png */; };
		8B8288901B8AC9230037F7ED /* setting.png in Resources */ = {isa = PBXBuildFile; fileRef = 8B8288871B8AC9230037F7ED /* setting.png */; };
		8B8288911B8AC9230037F7ED /* setting@2x.png in Resources */ = {isa = PBXBuildFile; fileRef = 8B8288881B8AC9230037F7ED /* setting@2x.png */; };
		8B8288921B8AC9230037F7ED /* setting@3x.png in Resources */ = {isa = PBXBuildFile; fileRef = 8B8288891B8AC9230037F7ED /* setting@3x.png */; };
		8B8288951B8ACA6F0037F7ED /* ARTC.png in Resources */ = {isa = PBXBuildFile; fileRef = 8B8288941B8ACA6F0037F7ED /* ARTC.png */; };
		8B8CCB471B84092F00135B8D /* main.m in Sources */ = {isa = PBXBuildFile; fileRef = 8B8CCB461B84092F00135B8D /* main.m */; };
		8B8CCB4A1B84092F00135B8D /* AppDelegate.m in Sources */ = {isa = PBXBuildFile; fileRef = 8B8CCB491B84092F00135B8D /* AppDelegate.m */; };
		8B8CCB4D1B84092F00135B8D /* InitViewController.m in Sources */ = {isa = PBXBuildFile; fileRef = 8B8CCB4C1B84092F00135B8D /* InitViewController.m */; };
		8B8CCB501B84092F00135B8D /* Main.storyboard in Resources */ = {isa = PBXBuildFile; fileRef = 8B8CCB4E1B84092F00135B8D /* Main.storyboard */; };
		8B8CCB521B84092F00135B8D /* Images.xcassets in Resources */ = {isa = PBXBuildFile; fileRef = 8B8CCB511B84092F00135B8D /* Images.xcassets */; };
		8B8CCB551B84092F00135B8D /* LaunchScreen.xib in Resources */ = {isa = PBXBuildFile; fileRef = 8B8CCB531B84092F00135B8D /* LaunchScreen.xib */; };
		8B8CCB611B84092F00135B8D /* SafeDrivingTests.m in Sources */ = {isa = PBXBuildFile; fileRef = 8B8CCB601B84092F00135B8D /* SafeDrivingTests.m */; };
		8B8CCB711B840A4B00135B8D /* MBProgressHUD.m in Sources */ = {isa = PBXBuildFile; fileRef = 8B8CCB701B840A4B00135B8D /* MBProgressHUD.m */; };
		8B8CCB741B840A9600135B8D /* ProductViewController.m in Sources */ = {isa = PBXBuildFile; fileRef = 8B8CCB731B840A9600135B8D /* ProductViewController.m */; };
		8B8CCB771B840AA600135B8D /* SettingViewController.m in Sources */ = {isa = PBXBuildFile; fileRef = 8B8CCB761B840AA600135B8D /* SettingViewController.m */; };
		8B8CCB821B84108300135B8D /* NormalCellView.m in Sources */ = {isa = PBXBuildFile; fileRef = 8B8CCB811B84108300135B8D /* NormalCellView.m */; };
		8B8CCB851B8410AB00135B8D /* ContactCellView.m in Sources */ = {isa = PBXBuildFile; fileRef = 8B8CCB841B8410AB00135B8D /* ContactCellView.m */; };
		8B8CCB8C1B8447F500135B8D /* MenuItemCellView.m in Sources */ = {isa = PBXBuildFile; fileRef = 8B8CCB8B1B8447F500135B8D /* MenuItemCellView.m */; };
		8B8CCB931B84504800135B8D /* SensitvityViewController.m in Sources */ = {isa = PBXBuildFile; fileRef = 8B8CCB921B84504800135B8D /* SensitvityViewController.m */; };
		8B8CCB961B84506A00135B8D /* SleepingTimeViewController.m in Sources */ = {isa = PBXBuildFile; fileRef = 8B8CCB951B84506A00135B8D /* SleepingTimeViewController.m */; };
		8B8CCB991B84508700135B8D /* DurationViewController.m in Sources */ = {isa = PBXBuildFile; fileRef = 8B8CCB981B84508700135B8D /* DurationViewController.m */; };
		8B8CCB9C1B8450B100135B8D /* EVSettingViewController.m in Sources */ = {isa = PBXBuildFile; fileRef = 8B8CCB9B1B8450B100135B8D /* EVSettingViewController.m */; };
		8B8CCB9F1B8450C300135B8D /* SOSViewController.m in Sources */ = {isa = PBXBuildFile; fileRef = 8B8CCB9E1B8450C300135B8D /* SOSViewController.m */; };
		8B8CCBA41B84639A00135B8D /* checked.png in Resources */ = {isa = PBXBuildFile; fileRef = 8B8CCBA31B84639A00135B8D /* checked.png */; };
		8B8CCBA61B846E1100135B8D /* none.png in Resources */ = {isa = PBXBuildFile; fileRef = 8B8CCBA51B846E1100135B8D /* none.png */; };
		8B8F19C81B8C6C73009ED076 /* adas.png in Resources */ = {isa = PBXBuildFile; fileRef = 8B8F19C51B8C6C73009ED076 /* adas.png */; };
		8B8F19C91B8C6C73009ED076 /* adas@2x.png in Resources */ = {isa = PBXBuildFile; fileRef = 8B8F19C61B8C6C73009ED076 /* adas@2x.png */; };
		8B8F19CA1B8C6C73009ED076 /* adas@3x.png in Resources */ = {isa = PBXBuildFile; fileRef = 8B8F19C71B8C6C73009ED076 /* adas@3x.png */; };
		8B8F19EF1B8D72DC009ED076 /* HttpRequestWorker.m in Sources */ = {isa = PBXBuildFile; fileRef = 8B8F19EE1B8D72DC009ED076 /* HttpRequestWorker.m */; };
		8B9ABED61B86D9C2005A8D01 /* AppIcon.png in Resources */ = {isa = PBXBuildFile; fileRef = 8B9ABECF1B86D9C2005A8D01 /* AppIcon.png */; };
		8B9ABED71B86D9C2005A8D01 /* AppIcon29@2x.png in Resources */ = {isa = PBXBuildFile; fileRef = 8B9ABED01B86D9C2005A8D01 /* AppIcon29@2x.png */; };
		8B9ABED81B86D9C2005A8D01 /* AppIcon29@3x.png in Resources */ = {isa = PBXBuildFile; fileRef = 8B9ABED11B86D9C2005A8D01 /* AppIcon29@3x.png */; };
		8B9ABED91B86D9C2005A8D01 /* AppIcon40@2x.png in Resources */ = {isa = PBXBuildFile; fileRef = 8B9ABED21B86D9C2005A8D01 /* AppIcon40@2x.png */; };
		8B9ABEDA1B86D9C2005A8D01 /* AppIcon40@3x.png in Resources */ = {isa = PBXBuildFile; fileRef = 8B9ABED31B86D9C2005A8D01 /* AppIcon40@3x.png */; };
		8B9ABEDB1B86D9C2005A8D01 /* AppIcon60@2x.png in Resources */ = {isa = PBXBuildFile; fileRef = 8B9ABED41B86D9C2005A8D01 /* AppIcon60@2x.png */; };
		8B9ABEDC1B86D9C2005A8D01 /* AppIcon60@3x.png in Resources */ = {isa = PBXBuildFile; fileRef = 8B9ABED51B86D9C2005A8D01 /* AppIcon60@3x.png */; };
		8BAFE4C11C0B6A8A008D7420 /* AboutViewController.m in Sources */ = {isa = PBXBuildFile; fileRef = 8BAFE4C01C0B6A8A008D7420 /* AboutViewController.m */; };
		8BAFE4C51C0B6AD4008D7420 /* FileViewController.m in Sources */ = {isa = PBXBuildFile; fileRef = 8BAFE4C41C0B6AD4008D7420 /* FileViewController.m */; };
		8BAFE4C81C0B6B05008D7420 /* ADASViewController.m in Sources */ = {isa = PBXBuildFile; fileRef = 8BAFE4C71C0B6B05008D7420 /* ADASViewController.m */; };
		8BAFE4CB1C0B6B20008D7420 /* MenuViewController.m in Sources */ = {isa = PBXBuildFile; fileRef = 8BAFE4CA1C0B6B20008D7420 /* MenuViewController.m */; };
		8BF9CE4B1B84D81100D66B3B /* libiconv.dylib in Frameworks */ = {isa = PBXBuildFile; fileRef = 8BF9CE4A1B84D81100D66B3B /* libiconv.dylib */; };
		8BF9CE541B84E76200D66B3B /* blue.png in Resources */ = {isa = PBXBuildFile; fileRef = 8BF9CE521B84E76200D66B3B /* blue.png */; };
		8BF9CE551B84E76200D66B3B /* red.png in Resources */ = {isa = PBXBuildFile; fileRef = 8BF9CE531B84E76200D66B3B /* red.png */; };
		8BF9CE571B850B0600D66B3B /* green.png in Resources */ = {isa = PBXBuildFile; fileRef = 8BF9CE561B850B0600D66B3B /* green.png */; };
		8BF9CE5B1B850E6300D66B3B /* TcpWorker.m in Sources */ = {isa = PBXBuildFile; fileRef = 8BF9CE5A1B850E6300D66B3B /* TcpWorker.m */; };
/* End PBXBuildFile section */

/* Begin PBXContainerItemProxy section */
		03937A201F382E1D005A640D /* PBXContainerItemProxy */ = {
			isa = PBXContainerItemProxy;
			containerPortal = 03937A1A1F382E1C005A640D /* IJKMediaPlayer.xcodeproj */;
			proxyType = 2;
			remoteGlobalIDString = E654EA8A1B6B27E600B0F2D0;
			remoteInfo = IJKMediaFramework;
		};
		03937A221F382E1D005A640D /* PBXContainerItemProxy */ = {
			isa = PBXContainerItemProxy;
			containerPortal = 03937A1A1F382E1C005A640D /* IJKMediaPlayer.xcodeproj */;
			proxyType = 2;
			remoteGlobalIDString = 5450B0431E63EA4300568494;
			remoteInfo = IJKMediaFrameworkWithSSL;
		};
		03937A241F382E1D005A640D /* PBXContainerItemProxy */ = {
			isa = PBXContainerItemProxy;
			containerPortal = 03937A1A1F382E1C005A640D /* IJKMediaPlayer.xcodeproj */;
			proxyType = 2;
			remoteGlobalIDString = E654EA941B6B27E600B0F2D0;
			remoteInfo = IJKMediaFrameworkTests;
		};
		03937A261F382E36005A640D /* PBXContainerItemProxy */ = {
			isa = PBXContainerItemProxy;
			containerPortal = 03937A1A1F382E1C005A640D /* IJKMediaPlayer.xcodeproj */;
			proxyType = 1;
			remoteGlobalIDString = E654EA891B6B27E600B0F2D0;
			remoteInfo = IJKMediaFramework;
		};
		8B8CCB5B1B84092F00135B8D /* PBXContainerItemProxy */ = {
			isa = PBXContainerItemProxy;
			containerPortal = 8B8CCB391B84092F00135B8D /* Project object */;
			proxyType = 1;
			remoteGlobalIDString = 8B8CCB401B84092F00135B8D;
			remoteInfo = SafeDriving;
		};
/* End PBXContainerItemProxy section */

/* Begin PBXFileReference section */
		031A01561EB97D2800FD711D /* background_2.png */ = {isa = PBXFileReference; lastKnownFileType = image.png; name = background_2.png; path = Images/Background/background_2.png; sourceTree = "<group>"; };
		036E576C1F42A7F4004DF8D1 /* ADAS_DVR2-03-blue-logo.png */ = {isa = PBXFileReference; lastKnownFileType = image.png; path = "ADAS_DVR2-03-blue-logo.png"; sourceTree = "<group>"; };
		036E576D1F42A7F4004DF8D1 /* ADAS_DVR2-04-blue.png */ = {isa = PBXFileReference; lastKnownFileType = image.png; path = "ADAS_DVR2-04-blue.png"; sourceTree = "<group>"; };
		03937A1A1F382E1C005A640D /* IJKMediaPlayer.xcodeproj */ = {isa = PBXFileReference; lastKnownFileType = "wrapper.pb-project"; name = IJKMediaPlayer.xcodeproj; path = "../../../../../RTSPPlayer/ijkplayer-master/ios/IJKMediaPlayer/IJKMediaPlayer.xcodeproj"; sourceTree = "<group>"; };
		03937A2A1F382ED6005A640D /* VideoToolbox.framework */ = {isa = PBXFileReference; lastKnownFileType = wrapper.framework; name = VideoToolbox.framework; path = System/Library/Frameworks/VideoToolbox.framework; sourceTree = SDKROOT; };
		03937A2C1F382EE1005A640D /* UIKit.framework */ = {isa = PBXFileReference; lastKnownFileType = wrapper.framework; name = UIKit.framework; path = System/Library/Frameworks/UIKit.framework; sourceTree = SDKROOT; };
		03937A2E1F382EEF005A640D /* QuartzCore.framework */ = {isa = PBXFileReference; lastKnownFileType = wrapper.framework; name = QuartzCore.framework; path = System/Library/Frameworks/QuartzCore.framework; sourceTree = SDKROOT; };
		03937A301F382EFF005A640D /* OpenGLES.framework */ = {isa = PBXFileReference; lastKnownFileType = wrapper.framework; name = OpenGLES.framework; path = System/Library/Frameworks/OpenGLES.framework; sourceTree = SDKROOT; };
		03937A321F382F1B005A640D /* MobileCoreServices.framework */ = {isa = PBXFileReference; lastKnownFileType = wrapper.framework; name = MobileCoreServices.framework; path = System/Library/Frameworks/MobileCoreServices.framework; sourceTree = SDKROOT; };
		03937A341F382F33005A640D /* MediaPlayer.framework */ = {isa = PBXFileReference; lastKnownFileType = wrapper.framework; name = MediaPlayer.framework; path = System/Library/Frameworks/MediaPlayer.framework; sourceTree = SDKROOT; };
		03937A371F382F65005A640D /* libz.tbd */ = {isa = PBXFileReference; lastKnownFileType = "sourcecode.text-based-dylib-definition"; name = libz.tbd; path = usr/lib/libz.tbd; sourceTree = SDKROOT; };
		03937A391F382F74005A640D /* libbz2.tbd */ = {isa = PBXFileReference; lastKnownFileType = "sourcecode.text-based-dylib-definition"; name = libbz2.tbd; path = usr/lib/libbz2.tbd; sourceTree = SDKROOT; };
		03937A3B1F382F88005A640D /* CoreVideo.framework */ = {isa = PBXFileReference; lastKnownFileType = wrapper.framework; name = CoreVideo.framework; path = System/Library/Frameworks/CoreVideo.framework; sourceTree = SDKROOT; };
		03937A3D1F382F99005A640D /* CoreMedia.framework */ = {isa = PBXFileReference; lastKnownFileType = wrapper.framework; name = CoreMedia.framework; path = System/Library/Frameworks/CoreMedia.framework; sourceTree = SDKROOT; };
		03937A3F1F382FA8005A640D /* CoreGraphics.framework */ = {isa = PBXFileReference; lastKnownFileType = wrapper.framework; name = CoreGraphics.framework; path = System/Library/Frameworks/CoreGraphics.framework; sourceTree = SDKROOT; };
		03937A411F382FB5005A640D /* AVFoundation.framework */ = {isa = PBXFileReference; lastKnownFileType = wrapper.framework; name = AVFoundation.framework; path = System/Library/Frameworks/AVFoundation.framework; sourceTree = SDKROOT; };
		03937A431F382FCA005A640D /* AudioToolbox.framework */ = {isa = PBXFileReference; lastKnownFileType = wrapper.framework; name = AudioToolbox.framework; path = System/Library/Frameworks/AudioToolbox.framework; sourceTree = SDKROOT; };
		03937A451F382FE1005A640D /* libstdc++.tbd */ = {isa = PBXFileReference; lastKnownFileType = "sourcecode.text-based-dylib-definition"; name = "libstdc++.tbd"; path = "usr/lib/libstdc++.tbd"; sourceTree = SDKROOT; };
		8B441C661B8C16FA0011D1E7 /* SOS.jpg */ = {isa = PBXFileReference; lastKnownFileType = image.jpeg; name = SOS.jpg; path = Images/Demo/SOS.jpg; sourceTree = "<group>"; };
		8B7E8ECB1C0B73D300B546B8 /* AssetsLibrary.framework */ = {isa = PBXFileReference; lastKnownFileType = wrapper.framework; name = AssetsLibrary.framework; path = System/Library/Frameworks/AssetsLibrary.framework; sourceTree = SDKROOT; };
		8B82887D1B8AC4B30037F7ED /* ImageMenuItemCellView.h */ = {isa = PBXFileReference; fileEncoding = 4; lastKnownFileType = sourcecode.c.h; name = ImageMenuItemCellView.h; path = ProductView/Cell/ImageMenuItemCellView.h; sourceTree = "<group>"; };
		8B82887E1B8AC4B30037F7ED /* ImageMenuItemCellView.m */ = {isa = PBXFileReference; fileEncoding = 4; lastKnownFileType = sourcecode.c.objc; name = ImageMenuItemCellView.m; path = ProductView/Cell/ImageMenuItemCellView.m; sourceTree = "<group>"; };
		8B8288811B8AC9230037F7ED /* about.png */ = {isa = PBXFileReference; lastKnownFileType = image.png; name = about.png; path = Images/MenuView/about.png; sourceTree = "<group>"; };
		8B8288821B8AC9230037F7ED /* about@2x.png */ = {isa = PBXFileReference; lastKnownFileType = image.png; name = "about@2x.png"; path = "Images/MenuView/about@2x.png"; sourceTree = "<group>"; };
		8B8288831B8AC9230037F7ED /* about@3x.png */ = {isa = PBXFileReference; lastKnownFileType = image.png; name = "about@3x.png"; path = "Images/MenuView/about@3x.png"; sourceTree = "<group>"; };
		8B8288841B8AC9230037F7ED /* file.png */ = {isa = PBXFileReference; lastKnownFileType = image.png; name = file.png; path = Images/MenuView/file.png; sourceTree = "<group>"; };
		8B8288851B8AC9230037F7ED /* file@2x.png */ = {isa = PBXFileReference; lastKnownFileType = image.png; name = "file@2x.png"; path = "Images/MenuView/file@2x.png"; sourceTree = "<group>"; };
		8B8288861B8AC9230037F7ED /* file@3x.png */ = {isa = PBXFileReference; lastKnownFileType = image.png; name = "file@3x.png"; path = "Images/MenuView/file@3x.png"; sourceTree = "<group>"; };
		8B8288871B8AC9230037F7ED /* setting.png */ = {isa = PBXFileReference; lastKnownFileType = image.png; name = setting.png; path = Images/MenuView/setting.png; sourceTree = "<group>"; };
		8B8288881B8AC9230037F7ED /* setting@2x.png */ = {isa = PBXFileReference; lastKnownFileType = image.png; name = "setting@2x.png"; path = "Images/MenuView/setting@2x.png"; sourceTree = "<group>"; };
		8B8288891B8AC9230037F7ED /* setting@3x.png */ = {isa = PBXFileReference; lastKnownFileType = image.png; name = "setting@3x.png"; path = "Images/MenuView/setting@3x.png"; sourceTree = "<group>"; };
		8B8288941B8ACA6F0037F7ED /* ARTC.png */ = {isa = PBXFileReference; lastKnownFileType = image.png; name = ARTC.png; path = Images/Background/ARTC.png; sourceTree = "<group>"; };
		8B8CCB411B84092F00135B8D /* SafeDriving.app */ = {isa = PBXFileReference; explicitFileType = wrapper.application; includeInIndex = 0; path = SafeDriving.app; sourceTree = BUILT_PRODUCTS_DIR; };
		8B8CCB451B84092F00135B8D /* Info.plist */ = {isa = PBXFileReference; lastKnownFileType = text.plist.xml; path = Info.plist; sourceTree = "<group>"; };
		8B8CCB461B84092F00135B8D /* main.m */ = {isa = PBXFileReference; lastKnownFileType = sourcecode.c.objc; path = main.m; sourceTree = "<group>"; };
		8B8CCB481B84092F00135B8D /* AppDelegate.h */ = {isa = PBXFileReference; lastKnownFileType = sourcecode.c.h; path = AppDelegate.h; sourceTree = "<group>"; };
		8B8CCB491B84092F00135B8D /* AppDelegate.m */ = {isa = PBXFileReference; lastKnownFileType = sourcecode.c.objc; path = AppDelegate.m; sourceTree = "<group>"; };
		8B8CCB4B1B84092F00135B8D /* InitViewController.h */ = {isa = PBXFileReference; lastKnownFileType = sourcecode.c.h; path = InitViewController.h; sourceTree = "<group>"; };
		8B8CCB4C1B84092F00135B8D /* InitViewController.m */ = {isa = PBXFileReference; lastKnownFileType = sourcecode.c.objc; path = InitViewController.m; sourceTree = "<group>"; };
		8B8CCB4F1B84092F00135B8D /* Base */ = {isa = PBXFileReference; lastKnownFileType = file.storyboard; name = Base; path = Base.lproj/Main.storyboard; sourceTree = "<group>"; };
		8B8CCB511B84092F00135B8D /* Images.xcassets */ = {isa = PBXFileReference; lastKnownFileType = folder.assetcatalog; path = Images.xcassets; sourceTree = "<group>"; };
		8B8CCB541B84092F00135B8D /* Base */ = {isa = PBXFileReference; lastKnownFileType = file.xib; name = Base; path = Base.lproj/LaunchScreen.xib; sourceTree = "<group>"; };
		8B8CCB5A1B84092F00135B8D /* SafeDrivingTests.xctest */ = {isa = PBXFileReference; explicitFileType = wrapper.cfbundle; includeInIndex = 0; path = SafeDrivingTests.xctest; sourceTree = BUILT_PRODUCTS_DIR; };
		8B8CCB5F1B84092F00135B8D /* Info.plist */ = {isa = PBXFileReference; lastKnownFileType = text.plist.xml; path = Info.plist; sourceTree = "<group>"; };
		8B8CCB601B84092F00135B8D /* SafeDrivingTests.m */ = {isa = PBXFileReference; lastKnownFileType = sourcecode.c.objc; path = SafeDrivingTests.m; sourceTree = "<group>"; };
		8B8CCB6F1B840A4B00135B8D /* MBProgressHUD.h */ = {isa = PBXFileReference; fileEncoding = 4; lastKnownFileType = sourcecode.c.h; name = MBProgressHUD.h; path = Library/MBProgressHUD/MBProgressHUD.h; sourceTree = "<group>"; };
		8B8CCB701B840A4B00135B8D /* MBProgressHUD.m */ = {isa = PBXFileReference; fileEncoding = 4; lastKnownFileType = sourcecode.c.objc; name = MBProgressHUD.m; path = Library/MBProgressHUD/MBProgressHUD.m; sourceTree = "<group>"; };
		8B8CCB721B840A9600135B8D /* ProductViewController.h */ = {isa = PBXFileReference; fileEncoding = 4; lastKnownFileType = sourcecode.c.h; name = ProductViewController.h; path = ProductView/ProductViewController.h; sourceTree = "<group>"; };
		8B8CCB731B840A9600135B8D /* ProductViewController.m */ = {isa = PBXFileReference; fileEncoding = 4; lastKnownFileType = sourcecode.c.objc; name = ProductViewController.m; path = ProductView/ProductViewController.m; sourceTree = "<group>"; };
		8B8CCB751B840AA600135B8D /* SettingViewController.h */ = {isa = PBXFileReference; fileEncoding = 4; lastKnownFileType = sourcecode.c.h; name = SettingViewController.h; path = SettingView/SettingViewController.h; sourceTree = "<group>"; };
		8B8CCB761B840AA600135B8D /* SettingViewController.m */ = {isa = PBXFileReference; fileEncoding = 4; lastKnownFileType = sourcecode.c.objc; name = SettingViewController.m; path = SettingView/SettingViewController.m; sourceTree = "<group>"; };
		8B8CCB801B84108300135B8D /* NormalCellView.h */ = {isa = PBXFileReference; fileEncoding = 4; lastKnownFileType = sourcecode.c.h; name = NormalCellView.h; path = SettingView/Cell/NormalCellView.h; sourceTree = "<group>"; };
		8B8CCB811B84108300135B8D /* NormalCellView.m */ = {isa = PBXFileReference; fileEncoding = 4; lastKnownFileType = sourcecode.c.objc; name = NormalCellView.m; path = SettingView/Cell/NormalCellView.m; sourceTree = "<group>"; };
		8B8CCB831B8410AB00135B8D /* ContactCellView.h */ = {isa = PBXFileReference; fileEncoding = 4; lastKnownFileType = sourcecode.c.h; name = ContactCellView.h; path = SettingView/Cell/ContactCellView.h; sourceTree = "<group>"; };
		8B8CCB841B8410AB00135B8D /* ContactCellView.m */ = {isa = PBXFileReference; fileEncoding = 4; lastKnownFileType = sourcecode.c.objc; name = ContactCellView.m; path = SettingView/Cell/ContactCellView.m; sourceTree = "<group>"; };
		8B8CCB8A1B8447F500135B8D /* MenuItemCellView.h */ = {isa = PBXFileReference; fileEncoding = 4; lastKnownFileType = sourcecode.c.h; name = MenuItemCellView.h; path = ProductView/Cell/MenuItemCellView.h; sourceTree = "<group>"; };
		8B8CCB8B1B8447F500135B8D /* MenuItemCellView.m */ = {isa = PBXFileReference; fileEncoding = 4; lastKnownFileType = sourcecode.c.objc; name = MenuItemCellView.m; path = ProductView/Cell/MenuItemCellView.m; sourceTree = "<group>"; };
		8B8CCB911B84504800135B8D /* SensitvityViewController.h */ = {isa = PBXFileReference; fileEncoding = 4; lastKnownFileType = sourcecode.c.h; name = SensitvityViewController.h; path = SettingView/SettingDetailView/SensitvityViewController.h; sourceTree = "<group>"; };
		8B8CCB921B84504800135B8D /* SensitvityViewController.m */ = {isa = PBXFileReference; fileEncoding = 4; lastKnownFileType = sourcecode.c.objc; name = SensitvityViewController.m; path = SettingView/SettingDetailView/SensitvityViewController.m; sourceTree = "<group>"; };
		8B8CCB941B84506A00135B8D /* SleepingTimeViewController.h */ = {isa = PBXFileReference; fileEncoding = 4; lastKnownFileType = sourcecode.c.h; name = SleepingTimeViewController.h; path = SettingView/SettingDetailView/SleepingTimeViewController.h; sourceTree = "<group>"; };
		8B8CCB951B84506A00135B8D /* SleepingTimeViewController.m */ = {isa = PBXFileReference; fileEncoding = 4; lastKnownFileType = sourcecode.c.objc; name = SleepingTimeViewController.m; path = SettingView/SettingDetailView/SleepingTimeViewController.m; sourceTree = "<group>"; };
		8B8CCB971B84508700135B8D /* DurationViewController.h */ = {isa = PBXFileReference; fileEncoding = 4; lastKnownFileType = sourcecode.c.h; name = DurationViewController.h; path = SettingView/SettingDetailView/DurationViewController.h; sourceTree = "<group>"; };
		8B8CCB981B84508700135B8D /* DurationViewController.m */ = {isa = PBXFileReference; fileEncoding = 4; lastKnownFileType = sourcecode.c.objc; name = DurationViewController.m; path = SettingView/SettingDetailView/DurationViewController.m; sourceTree = "<group>"; };
		8B8CCB9A1B8450B100135B8D /* EVSettingViewController.h */ = {isa = PBXFileReference; fileEncoding = 4; lastKnownFileType = sourcecode.c.h; name = EVSettingViewController.h; path = SettingView/SettingDetailView/EVSettingViewController.h; sourceTree = "<group>"; };
		8B8CCB9B1B8450B100135B8D /* EVSettingViewController.m */ = {isa = PBXFileReference; fileEncoding = 4; lastKnownFileType = sourcecode.c.objc; name = EVSettingViewController.m; path = SettingView/SettingDetailView/EVSettingViewController.m; sourceTree = "<group>"; };
		8B8CCB9D1B8450C300135B8D /* SOSViewController.h */ = {isa = PBXFileReference; fileEncoding = 4; lastKnownFileType = sourcecode.c.h; name = SOSViewController.h; path = SettingView/SettingDetailView/SOSViewController.h; sourceTree = "<group>"; };
		8B8CCB9E1B8450C300135B8D /* SOSViewController.m */ = {isa = PBXFileReference; fileEncoding = 4; lastKnownFileType = sourcecode.c.objc; name = SOSViewController.m; path = SettingView/SettingDetailView/SOSViewController.m; sourceTree = "<group>"; };
		8B8CCBA31B84639A00135B8D /* checked.png */ = {isa = PBXFileReference; lastKnownFileType = image.png; name = checked.png; path = Images/SettingView/checked.png; sourceTree = "<group>"; };
		8B8CCBA51B846E1100135B8D /* none.png */ = {isa = PBXFileReference; lastKnownFileType = image.png; name = none.png; path = Images/SettingView/none.png; sourceTree = "<group>"; };
		8B8F19C51B8C6C73009ED076 /* adas.png */ = {isa = PBXFileReference; lastKnownFileType = image.png; name = adas.png; path = Images/MenuView/adas.png; sourceTree = "<group>"; };
		8B8F19C61B8C6C73009ED076 /* adas@2x.png */ = {isa = PBXFileReference; lastKnownFileType = image.png; name = "adas@2x.png"; path = "Images/MenuView/adas@2x.png"; sourceTree = "<group>"; };
		8B8F19C71B8C6C73009ED076 /* adas@3x.png */ = {isa = PBXFileReference; lastKnownFileType = image.png; name = "adas@3x.png"; path = "Images/MenuView/adas@3x.png"; sourceTree = "<group>"; };
		8B8F19ED1B8D72DC009ED076 /* HttpRequestWorker.h */ = {isa = PBXFileReference; fileEncoding = 4; lastKnownFileType = sourcecode.c.h; name = HttpRequestWorker.h; path = Library/HttpRequestWorker/HttpRequestWorker.h; sourceTree = "<group>"; };
		8B8F19EE1B8D72DC009ED076 /* HttpRequestWorker.m */ = {isa = PBXFileReference; fileEncoding = 4; lastKnownFileType = sourcecode.c.objc; name = HttpRequestWorker.m; path = Library/HttpRequestWorker/HttpRequestWorker.m; sourceTree = "<group>"; };
		8B9ABECF1B86D9C2005A8D01 /* AppIcon.png */ = {isa = PBXFileReference; lastKnownFileType = image.png; name = AppIcon.png; path = Images/AppIcon/AppIcon.png; sourceTree = "<group>"; };
		8B9ABED01B86D9C2005A8D01 /* AppIcon29@2x.png */ = {isa = PBXFileReference; lastKnownFileType = image.png; name = "AppIcon29@2x.png"; path = "Images/AppIcon/AppIcon29@2x.png"; sourceTree = "<group>"; };
		8B9ABED11B86D9C2005A8D01 /* AppIcon29@3x.png */ = {isa = PBXFileReference; lastKnownFileType = image.png; name = "AppIcon29@3x.png"; path = "Images/AppIcon/AppIcon29@3x.png"; sourceTree = "<group>"; };
		8B9ABED21B86D9C2005A8D01 /* AppIcon40@2x.png */ = {isa = PBXFileReference; lastKnownFileType = image.png; name = "AppIcon40@2x.png"; path = "Images/AppIcon/AppIcon40@2x.png"; sourceTree = "<group>"; };
		8B9ABED31B86D9C2005A8D01 /* AppIcon40@3x.png */ = {isa = PBXFileReference; lastKnownFileType = image.png; name = "AppIcon40@3x.png"; path = "Images/AppIcon/AppIcon40@3x.png"; sourceTree = "<group>"; };
		8B9ABED41B86D9C2005A8D01 /* AppIcon60@2x.png */ = {isa = PBXFileReference; lastKnownFileType = image.png; name = "AppIcon60@2x.png"; path = "Images/AppIcon/AppIcon60@2x.png"; sourceTree = "<group>"; };
		8B9ABED51B86D9C2005A8D01 /* AppIcon60@3x.png */ = {isa = PBXFileReference; lastKnownFileType = image.png; name = "AppIcon60@3x.png"; path = "Images/AppIcon/AppIcon60@3x.png"; sourceTree = "<group>"; };
		8BAFE4BF1C0B6A8A008D7420 /* AboutViewController.h */ = {isa = PBXFileReference; fileEncoding = 4; lastKnownFileType = sourcecode.c.h; name = AboutViewController.h; path = AboutView/AboutViewController.h; sourceTree = "<group>"; };
		8BAFE4C01C0B6A8A008D7420 /* AboutViewController.m */ = {isa = PBXFileReference; fileEncoding = 4; lastKnownFileType = sourcecode.c.objc; name = AboutViewController.m; path = AboutView/AboutViewController.m; sourceTree = "<group>"; };
		8BAFE4C31C0B6AD4008D7420 /* FileViewController.h */ = {isa = PBXFileReference; fileEncoding = 4; lastKnownFileType = sourcecode.c.h; name = FileViewController.h; path = FileView/FileViewController.h; sourceTree = "<group>"; };
		8BAFE4C41C0B6AD4008D7420 /* FileViewController.m */ = {isa = PBXFileReference; fileEncoding = 4; lastKnownFileType = sourcecode.c.objc; name = FileViewController.m; path = FileView/FileViewController.m; sourceTree = "<group>"; };
		8BAFE4C61C0B6B05008D7420 /* ADASViewController.h */ = {isa = PBXFileReference; fileEncoding = 4; lastKnownFileType = sourcecode.c.h; name = ADASViewController.h; path = ProductView/ADASViewController.h; sourceTree = "<group>"; };
		8BAFE4C71C0B6B05008D7420 /* ADASViewController.m */ = {isa = PBXFileReference; fileEncoding = 4; lastKnownFileType = sourcecode.c.objc; name = ADASViewController.m; path = ProductView/ADASViewController.m; sourceTree = "<group>"; };
		8BAFE4C91C0B6B20008D7420 /* MenuViewController.h */ = {isa = PBXFileReference; fileEncoding = 4; lastKnownFileType = sourcecode.c.h; path = MenuViewController.h; sourceTree = "<group>"; };
		8BAFE4CA1C0B6B20008D7420 /* MenuViewController.m */ = {isa = PBXFileReference; fileEncoding = 4; lastKnownFileType = sourcecode.c.objc; path = MenuViewController.m; sourceTree = "<group>"; };
		8BF9CE4A1B84D81100D66B3B /* libiconv.dylib */ = {isa = PBXFileReference; lastKnownFileType = "compiled.mach-o.dylib"; name = libiconv.dylib; path = usr/lib/libiconv.dylib; sourceTree = SDKROOT; };
		8BF9CE4C1B84D82000D66B3B /* libz.dylib */ = {isa = PBXFileReference; lastKnownFileType = "compiled.mach-o.dylib"; name = libz.dylib; path = usr/lib/libz.dylib; sourceTree = SDKROOT; };
		8BF9CE4E1B84D83200D66B3B /* libbz2.dylib */ = {isa = PBXFileReference; lastKnownFileType = "compiled.mach-o.dylib"; name = libbz2.dylib; path = usr/lib/libbz2.dylib; sourceTree = SDKROOT; };
		8BF9CE521B84E76200D66B3B /* blue.png */ = {isa = PBXFileReference; lastKnownFileType = image.png; name = blue.png; path = Images/ADASView/blue.png; sourceTree = "<group>"; };
		8BF9CE531B84E76200D66B3B /* red.png */ = {isa = PBXFileReference; lastKnownFileType = image.png; name = red.png; path = Images/ADASView/red.png; sourceTree = "<group>"; };
		8BF9CE561B850B0600D66B3B /* green.png */ = {isa = PBXFileReference; lastKnownFileType = image.png; name = green.png; path = Images/ADASView/green.png; sourceTree = "<group>"; };
		8BF9CE591B850E6300D66B3B /* TcpWorker.h */ = {isa = PBXFileReference; fileEncoding = 4; lastKnownFileType = sourcecode.c.h; name = TcpWorker.h; path = TcpConnection/TcpWorker.h; sourceTree = "<group>"; };
		8BF9CE5A1B850E6300D66B3B /* TcpWorker.m */ = {isa = PBXFileReference; fileEncoding = 4; lastKnownFileType = sourcecode.c.objc; name = TcpWorker.m; path = TcpConnection/TcpWorker.m; sourceTree = "<group>"; };
/* End PBXFileReference section */

/* Begin PBXFrameworksBuildPhase section */
		8B8CCB3E1B84092F00135B8D /* Frameworks */ = {
			isa = PBXFrameworksBuildPhase;
			buildActionMask = 2147483647;
			files = (
				03937A461F382FE1005A640D /* libstdc++.tbd in Frameworks */,
				03937A441F382FCA005A640D /* AudioToolbox.framework in Frameworks */,
				03937A421F382FB5005A640D /* AVFoundation.framework in Frameworks */,
				03937A401F382FA8005A640D /* CoreGraphics.framework in Frameworks */,
				03937A3E1F382F99005A640D /* CoreMedia.framework in Frameworks */,
				03937A3C1F382F88005A640D /* CoreVideo.framework in Frameworks */,
				03937A3A1F382F74005A640D /* libbz2.tbd in Frameworks */,
				03937A381F382F65005A640D /* libz.tbd in Frameworks */,
				03937A361F382F4E005A640D /* IJKMediaFramework.framework in Frameworks */,
				03937A351F382F33005A640D /* MediaPlayer.framework in Frameworks */,
				03937A331F382F1B005A640D /* MobileCoreServices.framework in Frameworks */,
				03937A311F382EFF005A640D /* OpenGLES.framework in Frameworks */,
				03937A2F1F382EEF005A640D /* QuartzCore.framework in Frameworks */,
				03937A2D1F382EE1005A640D /* UIKit.framework in Frameworks */,
				03937A2B1F382ED6005A640D /* VideoToolbox.framework in Frameworks */,
				8B7E8ECC1C0B73D300B546B8 /* AssetsLibrary.framework in Frameworks */,
				8BF9CE4B1B84D81100D66B3B /* libiconv.dylib in Frameworks */,
			);
			runOnlyForDeploymentPostprocessing = 0;
		};
		8B8CCB571B84092F00135B8D /* Frameworks */ = {
			isa = PBXFrameworksBuildPhase;
			buildActionMask = 2147483647;
			files = (
			);
			runOnlyForDeploymentPostprocessing = 0;
		};
/* End PBXFrameworksBuildPhase section */

/* Begin PBXGroup section */
		03937A1B1F382E1C005A640D /* Products */ = {
			isa = PBXGroup;
			children = (
				03937A211F382E1D005A640D /* IJKMediaFramework.framework */,
				03937A231F382E1D005A640D /* IJKMediaFrameworkWithSSL.framework */,
				03937A251F382E1D005A640D /* IJKMediaFrameworkTests.xctest */,
			);
			name = Products;
			sourceTree = "<group>";
		};
		03937A291F382ED6005A640D /* Frameworks */ = {
			isa = PBXGroup;
			children = (
				03937A451F382FE1005A640D /* libstdc++.tbd */,
				03937A431F382FCA005A640D /* AudioToolbox.framework */,
				03937A411F382FB5005A640D /* AVFoundation.framework */,
				03937A3F1F382FA8005A640D /* CoreGraphics.framework */,
				03937A3D1F382F99005A640D /* CoreMedia.framework */,
				03937A3B1F382F88005A640D /* CoreVideo.framework */,
				03937A391F382F74005A640D /* libbz2.tbd */,
				03937A371F382F65005A640D /* libz.tbd */,
				03937A341F382F33005A640D /* MediaPlayer.framework */,
				03937A321F382F1B005A640D /* MobileCoreServices.framework */,
				03937A301F382EFF005A640D /* OpenGLES.framework */,
				03937A2E1F382EEF005A640D /* QuartzCore.framework */,
				03937A2C1F382EE1005A640D /* UIKit.framework */,
				03937A2A1F382ED6005A640D /* VideoToolbox.framework */,
			);
			name = Frameworks;
			sourceTree = "<group>";
		};
		8B441C651B8C16EF0011D1E7 /* Demo */ = {
			isa = PBXGroup;
			children = (
				8B441C661B8C16FA0011D1E7 /* SOS.jpg */,
			);
			name = Demo;
			sourceTree = "<group>";
		};
		8B8288801B8AC9090037F7ED /* MenuView */ = {
			isa = PBXGroup;
			children = (
				8B8F19C51B8C6C73009ED076 /* adas.png */,
				8B8F19C61B8C6C73009ED076 /* adas@2x.png */,
				8B8F19C71B8C6C73009ED076 /* adas@3x.png */,
				8B8288871B8AC9230037F7ED /* setting.png */,
				8B8288881B8AC9230037F7ED /* setting@2x.png */,
				8B8288891B8AC9230037F7ED /* setting@3x.png */,
				8B8288811B8AC9230037F7ED /* about.png */,
				8B8288821B8AC9230037F7ED /* about@2x.png */,
				8B8288831B8AC9230037F7ED /* about@3x.png */,
				8B8288841B8AC9230037F7ED /* file.png */,
				8B8288851B8AC9230037F7ED /* file@2x.png */,
				8B8288861B8AC9230037F7ED /* file@3x.png */,
			);
			name = MenuView;
			sourceTree = "<group>";
		};
		8B8288931B8ACA640037F7ED /* Background */ = {
			isa = PBXGroup;
			children = (
				031A01561EB97D2800FD711D /* background_2.png */,
				8B8288941B8ACA6F0037F7ED /* ARTC.png */,
				036E576C1F42A7F4004DF8D1 /* ADAS_DVR2-03-blue-logo.png */,
				036E576D1F42A7F4004DF8D1 /* ADAS_DVR2-04-blue.png */,
			);
			name = Background;
			sourceTree = "<group>";
		};
		8B8CCB381B84092F00135B8D = {
			isa = PBXGroup;
			children = (
				03937A1A1F382E1C005A640D /* IJKMediaPlayer.xcodeproj */,
				8B8CCB431B84092F00135B8D /* SafeDriving */,
				8B8CCB5D1B84092F00135B8D /* SafeDrivingTests */,
				8B8CCB421B84092F00135B8D /* Products */,
				03937A291F382ED6005A640D /* Frameworks */,
			);
			sourceTree = "<group>";
		};
		8B8CCB421B84092F00135B8D /* Products */ = {
			isa = PBXGroup;
			children = (
				8B8CCB411B84092F00135B8D /* SafeDriving.app */,
				8B8CCB5A1B84092F00135B8D /* SafeDrivingTests.xctest */,
			);
			name = Products;
			sourceTree = "<group>";
		};
		8B8CCB431B84092F00135B8D /* SafeDriving */ = {
			isa = PBXGroup;
			children = (
				8BF9CE501B84D83F00D66B3B /* Frameworks */,
				8B8CCB6B1B84096500135B8D /* Library */,
				8BF9CE581B850E1A00D66B3B /* TcpConnection */,
				8B8CCB6A1B84095600135B8D /* InitialView */,
				8B8CCB6D1B8409BE00135B8D /* ProductView */,
				8B8CCB6C1B8409B800135B8D /* SettingView */,
				8BAFE4C21C0B6AA3008D7420 /* FileView */,
				8BAFE4BE1C0B6A5D008D7420 /* AboutView */,
				8B8CCB481B84092F00135B8D /* AppDelegate.h */,
				8B8CCB491B84092F00135B8D /* AppDelegate.m */,
				8BAFE4C91C0B6B20008D7420 /* MenuViewController.h */,
				8BAFE4CA1C0B6B20008D7420 /* MenuViewController.m */,
				8B8CCB4E1B84092F00135B8D /* Main.storyboard */,
				8B8CCB511B84092F00135B8D /* Images.xcassets */,
				8B8CCB531B84092F00135B8D /* LaunchScreen.xib */,
				8B8CCB441B84092F00135B8D /* Supporting Files */,
			);
			path = SafeDriving;
			sourceTree = "<group>";
		};
		8B8CCB441B84092F00135B8D /* Supporting Files */ = {
			isa = PBXGroup;
			children = (
				8B8CCB781B840AB000135B8D /* Images */,
				8B8CCB451B84092F00135B8D /* Info.plist */,
				8B8CCB461B84092F00135B8D /* main.m */,
			);
			name = "Supporting Files";
			sourceTree = "<group>";
		};
		8B8CCB5D1B84092F00135B8D /* SafeDrivingTests */ = {
			isa = PBXGroup;
			children = (
				8B8CCB601B84092F00135B8D /* SafeDrivingTests.m */,
				8B8CCB5E1B84092F00135B8D /* Supporting Files */,
			);
			path = SafeDrivingTests;
			sourceTree = "<group>";
		};
		8B8CCB5E1B84092F00135B8D /* Supporting Files */ = {
			isa = PBXGroup;
			children = (
				8B8CCB5F1B84092F00135B8D /* Info.plist */,
			);
			name = "Supporting Files";
			sourceTree = "<group>";
		};
		8B8CCB6A1B84095600135B8D /* InitialView */ = {
			isa = PBXGroup;
			children = (
				8B8CCB4B1B84092F00135B8D /* InitViewController.h */,
				8B8CCB4C1B84092F00135B8D /* InitViewController.m */,
			);
			name = InitialView;
			sourceTree = "<group>";
		};
		8B8CCB6B1B84096500135B8D /* Library */ = {
			isa = PBXGroup;
			children = (
				8B8F19EC1B8D72A3009ED076 /* HttpRequestWorker */,
				8B8CCB6E1B840A3D00135B8D /* MBProgressHUD */,
			);
			name = Library;
			sourceTree = "<group>";
		};
		8B8CCB6C1B8409B800135B8D /* SettingView */ = {
			isa = PBXGroup;
			children = (
				8B8CCB7F1B84104100135B8D /* Cell */,
				8B8CCB901B84501500135B8D /* SettingDetailView */,
				8B8CCB751B840AA600135B8D /* SettingViewController.h */,
				8B8CCB761B840AA600135B8D /* SettingViewController.m */,
			);
			name = SettingView;
			sourceTree = "<group>";
		};
		8B8CCB6D1B8409BE00135B8D /* ProductView */ = {
			isa = PBXGroup;
			children = (
				8B8CCB891B8447C600135B8D /* Cell */,
				8B8CCB721B840A9600135B8D /* ProductViewController.h */,
				8B8CCB731B840A9600135B8D /* ProductViewController.m */,
				8BAFE4C61C0B6B05008D7420 /* ADASViewController.h */,
				8BAFE4C71C0B6B05008D7420 /* ADASViewController.m */,
			);
			name = ProductView;
			sourceTree = "<group>";
		};
		8B8CCB6E1B840A3D00135B8D /* MBProgressHUD */ = {
			isa = PBXGroup;
			children = (
				8B8CCB6F1B840A4B00135B8D /* MBProgressHUD.h */,
				8B8CCB701B840A4B00135B8D /* MBProgressHUD.m */,
			);
			name = MBProgressHUD;
			sourceTree = "<group>";
		};
		8B8CCB781B840AB000135B8D /* Images */ = {
			isa = PBXGroup;
			children = (
				8B441C651B8C16EF0011D1E7 /* Demo */,
				8B8288931B8ACA640037F7ED /* Background */,
				8B8288801B8AC9090037F7ED /* MenuView */,
				8B9ABECE1B86D98E005A8D01 /* AppIcon */,
				8BF9CE511B84E6FD00D66B3B /* ADASView */,
				8B8CCBA01B8462E600135B8D /* SettingView */,
			);
			name = Images;
			sourceTree = "<group>";
		};
		8B8CCB7F1B84104100135B8D /* Cell */ = {
			isa = PBXGroup;
			children = (
				8B8CCB801B84108300135B8D /* NormalCellView.h */,
				8B8CCB811B84108300135B8D /* NormalCellView.m */,
				8B8CCB831B8410AB00135B8D /* ContactCellView.h */,
				8B8CCB841B8410AB00135B8D /* ContactCellView.m */,
			);
			name = Cell;
			sourceTree = "<group>";
		};
		8B8CCB891B8447C600135B8D /* Cell */ = {
			isa = PBXGroup;
			children = (
				8B8CCB8A1B8447F500135B8D /* MenuItemCellView.h */,
				8B8CCB8B1B8447F500135B8D /* MenuItemCellView.m */,
				8B82887D1B8AC4B30037F7ED /* ImageMenuItemCellView.h */,
				8B82887E1B8AC4B30037F7ED /* ImageMenuItemCellView.m */,
			);
			name = Cell;
			sourceTree = "<group>";
		};
		8B8CCB901B84501500135B8D /* SettingDetailView */ = {
			isa = PBXGroup;
			children = (
				8B8CCB911B84504800135B8D /* SensitvityViewController.h */,
				8B8CCB921B84504800135B8D /* SensitvityViewController.m */,
				8B8CCB941B84506A00135B8D /* SleepingTimeViewController.h */,
				8B8CCB951B84506A00135B8D /* SleepingTimeViewController.m */,
				8B8CCB971B84508700135B8D /* DurationViewController.h */,
				8B8CCB981B84508700135B8D /* DurationViewController.m */,
				8B8CCB9A1B8450B100135B8D /* EVSettingViewController.h */,
				8B8CCB9B1B8450B100135B8D /* EVSettingViewController.m */,
				8B8CCB9D1B8450C300135B8D /* SOSViewController.h */,
				8B8CCB9E1B8450C300135B8D /* SOSViewController.m */,
			);
			name = SettingDetailView;
			sourceTree = "<group>";
		};
		8B8CCBA01B8462E600135B8D /* SettingView */ = {
			isa = PBXGroup;
			children = (
				8B8CCBA51B846E1100135B8D /* none.png */,
				8B8CCBA31B84639A00135B8D /* checked.png */,
			);
			name = SettingView;
			sourceTree = "<group>";
		};
		8B8F19EC1B8D72A3009ED076 /* HttpRequestWorker */ = {
			isa = PBXGroup;
			children = (
				8B8F19ED1B8D72DC009ED076 /* HttpRequestWorker.h */,
				8B8F19EE1B8D72DC009ED076 /* HttpRequestWorker.m */,
			);
			name = HttpRequestWorker;
			sourceTree = "<group>";
		};
		8B9ABECE1B86D98E005A8D01 /* AppIcon */ = {
			isa = PBXGroup;
			children = (
				8B9ABECF1B86D9C2005A8D01 /* AppIcon.png */,
				8B9ABED01B86D9C2005A8D01 /* AppIcon29@2x.png */,
				8B9ABED11B86D9C2005A8D01 /* AppIcon29@3x.png */,
				8B9ABED21B86D9C2005A8D01 /* AppIcon40@2x.png */,
				8B9ABED31B86D9C2005A8D01 /* AppIcon40@3x.png */,
				8B9ABED41B86D9C2005A8D01 /* AppIcon60@2x.png */,
				8B9ABED51B86D9C2005A8D01 /* AppIcon60@3x.png */,
			);
			name = AppIcon;
			sourceTree = "<group>";
		};
		8BAFE4BE1C0B6A5D008D7420 /* AboutView */ = {
			isa = PBXGroup;
			children = (
				8BAFE4BF1C0B6A8A008D7420 /* AboutViewController.h */,
				8BAFE4C01C0B6A8A008D7420 /* AboutViewController.m */,
			);
			name = AboutView;
			sourceTree = "<group>";
		};
		8BAFE4C21C0B6AA3008D7420 /* FileView */ = {
			isa = PBXGroup;
			children = (
				8BAFE4C31C0B6AD4008D7420 /* FileViewController.h */,
				8BAFE4C41C0B6AD4008D7420 /* FileViewController.m */,
			);
			name = FileView;
			sourceTree = "<group>";
		};
		8BF9CE501B84D83F00D66B3B /* Frameworks */ = {
			isa = PBXGroup;
			children = (
				8B7E8ECB1C0B73D300B546B8 /* AssetsLibrary.framework */,
				8BF9CE4E1B84D83200D66B3B /* libbz2.dylib */,
				8BF9CE4C1B84D82000D66B3B /* libz.dylib */,
				8BF9CE4A1B84D81100D66B3B /* libiconv.dylib */,
			);
			name = Frameworks;
			sourceTree = "<group>";
		};
		8BF9CE511B84E6FD00D66B3B /* ADASView */ = {
			isa = PBXGroup;
			children = (
				8BF9CE531B84E76200D66B3B /* red.png */,
				8BF9CE561B850B0600D66B3B /* green.png */,
				8BF9CE521B84E76200D66B3B /* blue.png */,
			);
			name = ADASView;
			sourceTree = "<group>";
		};
		8BF9CE581B850E1A00D66B3B /* TcpConnection */ = {
			isa = PBXGroup;
			children = (
				8BF9CE591B850E6300D66B3B /* TcpWorker.h */,
				8BF9CE5A1B850E6300D66B3B /* TcpWorker.m */,
			);
			name = TcpConnection;
			sourceTree = "<group>";
		};
/* End PBXGroup section */

/* Begin PBXNativeTarget section */
		8B8CCB401B84092F00135B8D /* SafeDriving */ = {
			isa = PBXNativeTarget;
			buildConfigurationList = 8B8CCB641B84092F00135B8D /* Build configuration list for PBXNativeTarget "SafeDriving" */;
			buildPhases = (
				8B8CCB3D1B84092F00135B8D /* Sources */,
				8B8CCB3E1B84092F00135B8D /* Frameworks */,
				8B8CCB3F1B84092F00135B8D /* Resources */,
			);
			buildRules = (
			);
			dependencies = (
				03937A271F382E36005A640D /* PBXTargetDependency */,
			);
			name = SafeDriving;
			productName = SafeDriving;
			productReference = 8B8CCB411B84092F00135B8D /* SafeDriving.app */;
			productType = "com.apple.product-type.application";
		};
		8B8CCB591B84092F00135B8D /* SafeDrivingTests */ = {
			isa = PBXNativeTarget;
			buildConfigurationList = 8B8CCB671B84092F00135B8D /* Build configuration list for PBXNativeTarget "SafeDrivingTests" */;
			buildPhases = (
				8B8CCB561B84092F00135B8D /* Sources */,
				8B8CCB571B84092F00135B8D /* Frameworks */,
				8B8CCB581B84092F00135B8D /* Resources */,
			);
			buildRules = (
			);
			dependencies = (
				8B8CCB5C1B84092F00135B8D /* PBXTargetDependency */,
			);
			name = SafeDrivingTests;
			productName = SafeDrivingTests;
			productReference = 8B8CCB5A1B84092F00135B8D /* SafeDrivingTests.xctest */;
			productType = "com.apple.product-type.bundle.unit-test";
		};
/* End PBXNativeTarget section */

/* Begin PBXProject section */
		8B8CCB391B84092F00135B8D /* Project object */ = {
			isa = PBXProject;
			attributes = {
				LastUpgradeCheck = 0710;
				ORGANIZATIONNAME = "Fang Huai An";
				TargetAttributes = {
					8B8CCB401B84092F00135B8D = {
						CreatedOnToolsVersion = 6.4;
						DevelopmentTeam = 2MWLA567K4;
						ProvisioningStyle = Automatic;
					};
					8B8CCB591B84092F00135B8D = {
						CreatedOnToolsVersion = 6.4;
						TestTargetID = 8B8CCB401B84092F00135B8D;
					};
				};
			};
			buildConfigurationList = 8B8CCB3C1B84092F00135B8D /* Build configuration list for PBXProject "SafeDriving" */;
			compatibilityVersion = "Xcode 3.2";
			developmentRegion = English;
			hasScannedForEncodings = 0;
			knownRegions = (
				en,
				Base,
			);
			mainGroup = 8B8CCB381B84092F00135B8D;
			productRefGroup = 8B8CCB421B84092F00135B8D /* Products */;
			projectDirPath = "";
			projectReferences = (
				{
					ProductGroup = 03937A1B1F382E1C005A640D /* Products */;
					ProjectRef = 03937A1A1F382E1C005A640D /* IJKMediaPlayer.xcodeproj */;
				},
			);
			projectRoot = "";
			targets = (
				8B8CCB401B84092F00135B8D /* SafeDriving */,
				8B8CCB591B84092F00135B8D /* SafeDrivingTests */,
			);
		};
/* End PBXProject section */

/* Begin PBXReferenceProxy section */
		03937A211F382E1D005A640D /* IJKMediaFramework.framework */ = {
			isa = PBXReferenceProxy;
			fileType = wrapper.framework;
			path = IJKMediaFramework.framework;
			remoteRef = 03937A201F382E1D005A640D /* PBXContainerItemProxy */;
			sourceTree = BUILT_PRODUCTS_DIR;
		};
		03937A231F382E1D005A640D /* IJKMediaFrameworkWithSSL.framework */ = {
			isa = PBXReferenceProxy;
			fileType = wrapper.framework;
			path = IJKMediaFrameworkWithSSL.framework;
			remoteRef = 03937A221F382E1D005A640D /* PBXContainerItemProxy */;
			sourceTree = BUILT_PRODUCTS_DIR;
		};
		03937A251F382E1D005A640D /* IJKMediaFrameworkTests.xctest */ = {
			isa = PBXReferenceProxy;
			fileType = wrapper.cfbundle;
			path = IJKMediaFrameworkTests.xctest;
			remoteRef = 03937A241F382E1D005A640D /* PBXContainerItemProxy */;
			sourceTree = BUILT_PRODUCTS_DIR;
		};
/* End PBXReferenceProxy section */

/* Begin PBXResourcesBuildPhase section */
		8B8CCB3F1B84092F00135B8D /* Resources */ = {
			isa = PBXResourcesBuildPhase;
			buildActionMask = 2147483647;
			files = (
				8B8CCB501B84092F00135B8D /* Main.storyboard in Resources */,
				8B82888F1B8AC9230037F7ED /* file@3x.png in Resources */,
				036E576E1F42A7F4004DF8D1 /* ADAS_DVR2-03-blue-logo.png in Resources */,
				8B8F19C81B8C6C73009ED076 /* adas.png in Resources */,
				036E576F1F42A7F4004DF8D1 /* ADAS_DVR2-04-blue.png in Resources */,
				8B8CCBA61B846E1100135B8D /* none.png in Resources */,
				8B8F19CA1B8C6C73009ED076 /* adas@3x.png in Resources */,
				8B82888C1B8AC9230037F7ED /* about@3x.png in Resources */,
				8B9ABED61B86D9C2005A8D01 /* AppIcon.png in Resources */,
				8B8CCBA41B84639A00135B8D /* checked.png in Resources */,
				8B8288911B8AC9230037F7ED /* setting@2x.png in Resources */,
				8B82888A1B8AC9230037F7ED /* about.png in Resources */,
				8B8F19C91B8C6C73009ED076 /* adas@2x.png in Resources */,
				8B8CCB551B84092F00135B8D /* LaunchScreen.xib in Resources */,
				8B82888B1B8AC9230037F7ED /* about@2x.png in Resources */,
				8B9ABEDC1B86D9C2005A8D01 /* AppIcon60@3x.png in Resources */,
				8BF9CE551B84E76200D66B3B /* red.png in Resources */,
				8B8288951B8ACA6F0037F7ED /* ARTC.png in Resources */,
				8B441C671B8C16FA0011D1E7 /* SOS.jpg in Resources */,
				8B9ABEDA1B86D9C2005A8D01 /* AppIcon40@3x.png in Resources */,
				8B9ABEDB1B86D9C2005A8D01 /* AppIcon60@2x.png in Resources */,
				8B82888E1B8AC9230037F7ED /* file@2x.png in Resources */,
				8B82888D1B8AC9230037F7ED /* file.png in Resources */,
				8BF9CE571B850B0600D66B3B /* green.png in Resources */,
				8B8288901B8AC9230037F7ED /* setting.png in Resources */,
				8B8288921B8AC9230037F7ED /* setting@3x.png in Resources */,
				8B8CCB521B84092F00135B8D /* Images.xcassets in Resources */,
				8B9ABED71B86D9C2005A8D01 /* AppIcon29@2x.png in Resources */,
				8B9ABED81B86D9C2005A8D01 /* AppIcon29@3x.png in Resources */,
				8BF9CE541B84E76200D66B3B /* blue.png in Resources */,
				031A01571EB97D2800FD711D /* background_2.png in Resources */,
				8B9ABED91B86D9C2005A8D01 /* AppIcon40@2x.png in Resources */,
			);
			runOnlyForDeploymentPostprocessing = 0;
		};
		8B8CCB581B84092F00135B8D /* Resources */ = {
			isa = PBXResourcesBuildPhase;
			buildActionMask = 2147483647;
			files = (
			);
			runOnlyForDeploymentPostprocessing = 0;
		};
/* End PBXResourcesBuildPhase section */

/* Begin PBXSourcesBuildPhase section */
		8B8CCB3D1B84092F00135B8D /* Sources */ = {
			isa = PBXSourcesBuildPhase;
			buildActionMask = 2147483647;
			files = (
				8B8CCB4D1B84092F00135B8D /* InitViewController.m in Sources */,
				8B8CCB4A1B84092F00135B8D /* AppDelegate.m in Sources */,
				8B8CCB961B84506A00135B8D /* SleepingTimeViewController.m in Sources */,
				8B8CCB741B840A9600135B8D /* ProductViewController.m in Sources */,
				8B8CCB821B84108300135B8D /* NormalCellView.m in Sources */,
				8B8CCB931B84504800135B8D /* SensitvityViewController.m in Sources */,
				8BAFE4C11C0B6A8A008D7420 /* AboutViewController.m in Sources */,
				8B82887F1B8AC4B30037F7ED /* ImageMenuItemCellView.m in Sources */,
				8B8CCB991B84508700135B8D /* DurationViewController.m in Sources */,
				8B8CCB471B84092F00135B8D /* main.m in Sources */,
				8BF9CE5B1B850E6300D66B3B /* TcpWorker.m in Sources */,
				8B8CCB711B840A4B00135B8D /* MBProgressHUD.m in Sources */,
				8B8F19EF1B8D72DC009ED076 /* HttpRequestWorker.m in Sources */,
				8B8CCB8C1B8447F500135B8D /* MenuItemCellView.m in Sources */,
				8BAFE4C51C0B6AD4008D7420 /* FileViewController.m in Sources */,
				8BAFE4C81C0B6B05008D7420 /* ADASViewController.m in Sources */,
				8BAFE4CB1C0B6B20008D7420 /* MenuViewController.m in Sources */,
				8B8CCB9C1B8450B100135B8D /* EVSettingViewController.m in Sources */,
				8B8CCB9F1B8450C300135B8D /* SOSViewController.m in Sources */,
				8B8CCB771B840AA600135B8D /* SettingViewController.m in Sources */,
				8B8CCB851B8410AB00135B8D /* ContactCellView.m in Sources */,
			);
			runOnlyForDeploymentPostprocessing = 0;
		};
		8B8CCB561B84092F00135B8D /* Sources */ = {
			isa = PBXSourcesBuildPhase;
			buildActionMask = 2147483647;
			files = (
				8B8CCB611B84092F00135B8D /* SafeDrivingTests.m in Sources */,
			);
			runOnlyForDeploymentPostprocessing = 0;
		};
/* End PBXSourcesBuildPhase section */

/* Begin PBXTargetDependency section */
		03937A271F382E36005A640D /* PBXTargetDependency */ = {
			isa = PBXTargetDependency;
			name = IJKMediaFramework;
			targetProxy = 03937A261F382E36005A640D /* PBXContainerItemProxy */;
		};
		8B8CCB5C1B84092F00135B8D /* PBXTargetDependency */ = {
			isa = PBXTargetDependency;
			target = 8B8CCB401B84092F00135B8D /* SafeDriving */;
			targetProxy = 8B8CCB5B1B84092F00135B8D /* PBXContainerItemProxy */;
		};
/* End PBXTargetDependency section */

/* Begin PBXVariantGroup section */
		8B8CCB4E1B84092F00135B8D /* Main.storyboard */ = {
			isa = PBXVariantGroup;
			children = (
				8B8CCB4F1B84092F00135B8D /* Base */,
			);
			name = Main.storyboard;
			sourceTree = "<group>";
		};
		8B8CCB531B84092F00135B8D /* LaunchScreen.xib */ = {
			isa = PBXVariantGroup;
			children = (
				8B8CCB541B84092F00135B8D /* Base */,
			);
			name = LaunchScreen.xib;
			sourceTree = "<group>";
		};
/* End PBXVariantGroup section */

/* Begin XCBuildConfiguration section */
		8B8CCB621B84092F00135B8D /* Debug */ = {
			isa = XCBuildConfiguration;
			buildSettings = {
				ALWAYS_SEARCH_USER_PATHS = NO;
				CLANG_CXX_LANGUAGE_STANDARD = "gnu++0x";
				CLANG_CXX_LIBRARY = "libc++";
				CLANG_ENABLE_MODULES = YES;
				CLANG_ENABLE_OBJC_ARC = YES;
				CLANG_WARN_BOOL_CONVERSION = YES;
				CLANG_WARN_CONSTANT_CONVERSION = YES;
				CLANG_WARN_DIRECT_OBJC_ISA_USAGE = YES_ERROR;
				CLANG_WARN_EMPTY_BODY = YES;
				CLANG_WARN_ENUM_CONVERSION = YES;
				CLANG_WARN_INT_CONVERSION = YES;
				CLANG_WARN_OBJC_ROOT_CLASS = YES_ERROR;
				CLANG_WARN_UNREACHABLE_CODE = YES;
				CLANG_WARN__DUPLICATE_METHOD_MATCH = YES;
				"CODE_SIGN_IDENTITY[sdk=iphoneos*]" = "iPhone Developer";
				COPY_PHASE_STRIP = NO;
				DEBUG_INFORMATION_FORMAT = "dwarf-with-dsym";
				ENABLE_STRICT_OBJC_MSGSEND = YES;
				ENABLE_TESTABILITY = YES;
				GCC_C_LANGUAGE_STANDARD = gnu99;
				GCC_DYNAMIC_NO_PIC = NO;
				GCC_NO_COMMON_BLOCKS = YES;
				GCC_OPTIMIZATION_LEVEL = 0;
				GCC_PREPROCESSOR_DEFINITIONS = (
					"DEBUG=1",
					"$(inherited)",
				);
				GCC_SYMBOLS_PRIVATE_EXTERN = NO;
				GCC_WARN_64_TO_32_BIT_CONVERSION = YES;
				GCC_WARN_ABOUT_RETURN_TYPE = YES_ERROR;
				GCC_WARN_UNDECLARED_SELECTOR = YES;
				GCC_WARN_UNINITIALIZED_AUTOS = YES_AGGRESSIVE;
				GCC_WARN_UNUSED_FUNCTION = YES;
				GCC_WARN_UNUSED_VARIABLE = YES;
				IPHONEOS_DEPLOYMENT_TARGET = 8.4;
				MTL_ENABLE_DEBUG_INFO = YES;
				ONLY_ACTIVE_ARCH = YES;
				SDKROOT = iphoneos;
			};
			name = Debug;
		};
		8B8CCB631B84092F00135B8D /* Release */ = {
			isa = XCBuildConfiguration;
			buildSettings = {
				ALWAYS_SEARCH_USER_PATHS = NO;
				CLANG_CXX_LANGUAGE_STANDARD = "gnu++0x";
				CLANG_CXX_LIBRARY = "libc++";
				CLANG_ENABLE_MODULES = YES;
				CLANG_ENABLE_OBJC_ARC = YES;
				CLANG_WARN_BOOL_CONVERSION = YES;
				CLANG_WARN_CONSTANT_CONVERSION = YES;
				CLANG_WARN_DIRECT_OBJC_ISA_USAGE = YES_ERROR;
				CLANG_WARN_EMPTY_BODY = YES;
				CLANG_WARN_ENUM_CONVERSION = YES;
				CLANG_WARN_INT_CONVERSION = YES;
				CLANG_WARN_OBJC_ROOT_CLASS = YES_ERROR;
				CLANG_WARN_UNREACHABLE_CODE = YES;
				CLANG_WARN__DUPLICATE_METHOD_MATCH = YES;
				"CODE_SIGN_IDENTITY[sdk=iphoneos*]" = "iPhone Developer";
				COPY_PHASE_STRIP = NO;
				DEBUG_INFORMATION_FORMAT = "dwarf-with-dsym";
				ENABLE_NS_ASSERTIONS = NO;
				ENABLE_STRICT_OBJC_MSGSEND = YES;
				GCC_C_LANGUAGE_STANDARD = gnu99;
				GCC_NO_COMMON_BLOCKS = YES;
				GCC_WARN_64_TO_32_BIT_CONVERSION = YES;
				GCC_WARN_ABOUT_RETURN_TYPE = YES_ERROR;
				GCC_WARN_UNDECLARED_SELECTOR = YES;
				GCC_WARN_UNINITIALIZED_AUTOS = YES_AGGRESSIVE;
				GCC_WARN_UNUSED_FUNCTION = YES;
				GCC_WARN_UNUSED_VARIABLE = YES;
				IPHONEOS_DEPLOYMENT_TARGET = 8.4;
				MTL_ENABLE_DEBUG_INFO = NO;
				SDKROOT = iphoneos;
				VALIDATE_PRODUCT = YES;
			};
			name = Release;
		};
		8B8CCB651B84092F00135B8D /* Debug */ = {
			isa = XCBuildConfiguration;
			buildSettings = {
				ASSETCATALOG_COMPILER_APPICON_NAME = AppIcon;
				CODE_SIGN_IDENTITY = "iPhone Developer: Huai An Fang (53TT37D6U8)";
				"CODE_SIGN_IDENTITY[sdk=iphoneos*]" = "iPhone Developer";
				DEVELOPMENT_TEAM = 2MWLA567K4;
				ENABLE_BITCODE = NO;
				FRAMEWORK_SEARCH_PATHS = (
					"$(inherited)",
					"$(PROJECT_DIR)",
				);
				GCC_PREPROCESSOR_DEFINITIONS = (
					"TARGET_OS_IOS=1",
					"DEBUG=1",
				);
				HEADER_SEARCH_PATHS = "$(inherited)";
				INFOPLIST_FILE = SafeDriving/Info.plist;
				LD_RUNPATH_SEARCH_PATHS = "$(inherited) @executable_path/Frameworks";
				LIBRARY_SEARCH_PATHS = "$(inherited)";
				OTHER_LDFLAGS = (
					"-all_load",
					"-Objc",
				);
				PRODUCT_BUNDLE_IDENTIFIER = com.winwise.SafeDriving;
				PRODUCT_NAME = "$(TARGET_NAME)";
				PROVISIONING_PROFILE = "";
				PROVISIONING_PROFILE_SPECIFIER = "";
			};
			name = Debug;
		};
		8B8CCB661B84092F00135B8D /* Release */ = {
			isa = XCBuildConfiguration;
			buildSettings = {
				ASSETCATALOG_COMPILER_APPICON_NAME = AppIcon;
				CODE_SIGN_IDENTITY = "iPhone Distribution: Huai An Fang (Z247G8X22D)";
				"CODE_SIGN_IDENTITY[sdk=iphoneos*]" = "iPhone Developer";
				DEVELOPMENT_TEAM = 2MWLA567K4;
				ENABLE_BITCODE = NO;
				FRAMEWORK_SEARCH_PATHS = (
					"$(inherited)",
					"$(PROJECT_DIR)",
				);
				GCC_PREPROCESSOR_DEFINITIONS = "TARGET_OS_IOS=1";
				HEADER_SEARCH_PATHS = "$(inherited)";
				INFOPLIST_FILE = SafeDriving/Info.plist;
				LD_RUNPATH_SEARCH_PATHS = "$(inherited) @executable_path/Frameworks";
				LIBRARY_SEARCH_PATHS = "$(inherited)";
				OTHER_LDFLAGS = (
					"-all_load",
					"-Objc",
				);
				PRODUCT_BUNDLE_IDENTIFIER = com.winwise.SafeDriving;
				PRODUCT_NAME = "$(TARGET_NAME)";
				PROVISIONING_PROFILE = "";
				PROVISIONING_PROFILE_SPECIFIER = "";
			};
			name = Release;
		};
		8B8CCB681B84092F00135B8D /* Debug */ = {
			isa = XCBuildConfiguration;
			buildSettings = {
				BUNDLE_LOADER = "$(TEST_HOST)";
				FRAMEWORK_SEARCH_PATHS = (
					"$(SDKROOT)/Developer/Library/Frameworks",
					"$(inherited)",
				);
				GCC_PREPROCESSOR_DEFINITIONS = (
					"DEBUG=1",
					"$(inherited)",
				);
				INFOPLIST_FILE = SafeDrivingTests/Info.plist;
				LD_RUNPATH_SEARCH_PATHS = "$(inherited) @executable_path/Frameworks @loader_path/Frameworks";
				PRODUCT_BUNDLE_IDENTIFIER = "com.tripim.$(PRODUCT_NAME:rfc1034identifier)";
				PRODUCT_NAME = "$(TARGET_NAME)";
				TEST_HOST = "$(BUILT_PRODUCTS_DIR)/SafeDriving.app/SafeDriving";
			};
			name = Debug;
		};
		8B8CCB691B84092F00135B8D /* Release */ = {
			isa = XCBuildConfiguration;
			buildSettings = {
				BUNDLE_LOADER = "$(TEST_HOST)";
				FRAMEWORK_SEARCH_PATHS = (
					"$(SDKROOT)/Developer/Library/Frameworks",
					"$(inherited)",
				);
				INFOPLIST_FILE = SafeDrivingTests/Info.plist;
				LD_RUNPATH_SEARCH_PATHS = "$(inherited) @executable_path/Frameworks @loader_path/Frameworks";
				PRODUCT_BUNDLE_IDENTIFIER = "com.tripim.$(PRODUCT_NAME:rfc1034identifier)";
				PRODUCT_NAME = "$(TARGET_NAME)";
				TEST_HOST = "$(BUILT_PRODUCTS_DIR)/SafeDriving.app/SafeDriving";
			};
			name = Release;
		};
		8BF9CE5C1B85BD4D00D66B3B /* AdHoc */ = {
			isa = XCBuildConfiguration;
			buildSettings = {
				ALWAYS_SEARCH_USER_PATHS = NO;
				CLANG_CXX_LANGUAGE_STANDARD = "gnu++0x";
				CLANG_CXX_LIBRARY = "libc++";
				CLANG_ENABLE_MODULES = YES;
				CLANG_ENABLE_OBJC_ARC = YES;
				CLANG_WARN_BOOL_CONVERSION = YES;
				CLANG_WARN_CONSTANT_CONVERSION = YES;
				CLANG_WARN_DIRECT_OBJC_ISA_USAGE = YES_ERROR;
				CLANG_WARN_EMPTY_BODY = YES;
				CLANG_WARN_ENUM_CONVERSION = YES;
				CLANG_WARN_INT_CONVERSION = YES;
				CLANG_WARN_OBJC_ROOT_CLASS = YES_ERROR;
				CLANG_WARN_UNREACHABLE_CODE = YES;
				CLANG_WARN__DUPLICATE_METHOD_MATCH = YES;
				"CODE_SIGN_IDENTITY[sdk=iphoneos*]" = "iPhone Developer";
				COPY_PHASE_STRIP = NO;
				DEBUG_INFORMATION_FORMAT = "dwarf-with-dsym";
				ENABLE_NS_ASSERTIONS = NO;
				ENABLE_STRICT_OBJC_MSGSEND = YES;
				GCC_C_LANGUAGE_STANDARD = gnu99;
				GCC_NO_COMMON_BLOCKS = YES;
				GCC_WARN_64_TO_32_BIT_CONVERSION = YES;
				GCC_WARN_ABOUT_RETURN_TYPE = YES_ERROR;
				GCC_WARN_UNDECLARED_SELECTOR = YES;
				GCC_WARN_UNINITIALIZED_AUTOS = YES_AGGRESSIVE;
				GCC_WARN_UNUSED_FUNCTION = YES;
				GCC_WARN_UNUSED_VARIABLE = YES;
				IPHONEOS_DEPLOYMENT_TARGET = 8.4;
				MTL_ENABLE_DEBUG_INFO = NO;
				SDKROOT = iphoneos;
				VALIDATE_PRODUCT = YES;
			};
			name = AdHoc;
		};
		8BF9CE5D1B85BD4D00D66B3B /* AdHoc */ = {
			isa = XCBuildConfiguration;
			buildSettings = {
				ASSETCATALOG_COMPILER_APPICON_NAME = AppIcon;
				CODE_SIGN_IDENTITY = "iPhone Distribution: Huai An Fang (Z247G8X22D)";
				"CODE_SIGN_IDENTITY[sdk=iphoneos*]" = "iPhone Developer";
				DEVELOPMENT_TEAM = 2MWLA567K4;
				ENABLE_BITCODE = NO;
				FRAMEWORK_SEARCH_PATHS = (
					"$(inherited)",
					"$(PROJECT_DIR)",
				);
				GCC_PREPROCESSOR_DEFINITIONS = "TARGET_OS_IOS=1";
				HEADER_SEARCH_PATHS = "$(inherited)";
				INFOPLIST_FILE = SafeDriving/Info.plist;
				LD_RUNPATH_SEARCH_PATHS = "$(inherited) @executable_path/Frameworks";
				LIBRARY_SEARCH_PATHS = "$(inherited)";
				OTHER_LDFLAGS = (
					"-all_load",
					"-Objc",
				);
				PRODUCT_BUNDLE_IDENTIFIER = com.winwise.SafeDriving;
				PRODUCT_NAME = "$(TARGET_NAME)";
				PROVISIONING_PROFILE = "";
				PROVISIONING_PROFILE_SPECIFIER = "";
			};
			name = AdHoc;
		};
		8BF9CE5E1B85BD4D00D66B3B /* AdHoc */ = {
			isa = XCBuildConfiguration;
			buildSettings = {
				BUNDLE_LOADER = "$(TEST_HOST)";
				FRAMEWORK_SEARCH_PATHS = (
					"$(SDKROOT)/Developer/Library/Frameworks",
					"$(inherited)",
				);
				INFOPLIST_FILE = SafeDrivingTests/Info.plist;
				LD_RUNPATH_SEARCH_PATHS = "$(inherited) @executable_path/Frameworks @loader_path/Frameworks";
				PRODUCT_BUNDLE_IDENTIFIER = "com.tripim.$(PRODUCT_NAME:rfc1034identifier)";
				PRODUCT_NAME = "$(TARGET_NAME)";
				TEST_HOST = "$(BUILT_PRODUCTS_DIR)/SafeDriving.app/SafeDriving";
			};
			name = AdHoc;
		};
/* End XCBuildConfiguration section */

/* Begin XCConfigurationList section */
		8B8CCB3C1B84092F00135B8D /* Build configuration list for PBXProject "SafeDriving" */ = {
			isa = XCConfigurationList;
			buildConfigurations = (
				8B8CCB621B84092F00135B8D /* Debug */,
				8B8CCB631B84092F00135B8D /* Release */,
				8BF9CE5C1B85BD4D00D66B3B /* AdHoc */,
			);
			defaultConfigurationIsVisible = 0;
			defaultConfigurationName = Release;
		};
		8B8CCB641B84092F00135B8D /* Build configuration list for PBXNativeTarget "SafeDriving" */ = {
			isa = XCConfigurationList;
			buildConfigurations = (
				8B8CCB651B84092F00135B8D /* Debug */,
				8B8CCB661B84092F00135B8D /* Release */,
				8BF9CE5D1B85BD4D00D66B3B /* AdHoc */,
			);
			defaultConfigurationIsVisible = 0;
			defaultConfigurationName = Release;
		};
		8B8CCB671B84092F00135B8D /* Build configuration list for PBXNativeTarget "SafeDrivingTests" */ = {
			isa = XCConfigurationList;
			buildConfigurations = (
				8B8CCB681B84092F00135B8D /* Debug */,
				8B8CCB691B84092F00135B8D /* Release */,
				8BF9CE5E1B85BD4D00D66B3B /* AdHoc */,
			);
			defaultConfigurationIsVisible = 0;
			defaultConfigurationName = Release;
		};
/* End XCConfigurationList section */
	};
	rootObject = 8B8CCB391B84092F00135B8D /* Project object */;
}
